{
  "lockfileVersion": 1,
  "configVersion": 1,
  "workspaces": {
    "": {
      "name": "demo",
      "dependencies": {
        "@langchain/core": "^1.1.33",
        "@langchain/google-genai": "^2.1.26",
        "ansis": "^4.2.0",
        "deepagents": "^1.8.3",
        "dotenv": "^17.3.1",
        "js-yaml": "^4.1.1",
        "zod": "^4.3.6",
      },
      "devDependencies": {
        "@types/bun": "latest",
      },
      "peerDependencies": {
        "typescript": "^5",
      },
    },
  },
  "packages": {
    "@cfworker/json-schema": ["@cfworker/json-schema@4.1.1", "https://registry.npmmirror.com/@cfworker/json-schema/-/json-schema-4.1.1.tgz", {}, "sha512-gAmrUZSGtKc3AiBL71iNWxDsyUC5uMaKKGdvzYsBoTW/xi42JQHl7eKV2OYzCUqvc+D2RCcf7EXY2iCyFIk6og=="],

    "@google/generative-ai": ["@google/generative-ai@0.24.1", "https://registry.npmmirror.com/@google/generative-ai/-/generative-ai-0.24.1.tgz", {}, "sha512-MqO+MLfM6kjxcKoy0p1wRzG3b4ZZXtPI+z2IE26UogS2Cm/XHO+7gGRBh6gcJsOiIVoH93UwKvW4HdgiOZCy9Q=="],

    "@langchain/core": ["@langchain/core@1.1.33", "https://registry.npmmirror.com/@langchain/core/-/core-1.1.33.tgz", { "dependencies": { "@cfworker/json-schema": "^4.0.2", "@standard-schema/spec": "^1.1.0", "ansi-styles": "^5.0.0", "camelcase": "6", "decamelize": "1.2.0", "js-tiktoken": "^1.0.12", "langsmith": ">=0.5.0 <1.0.0", "mustache": "^4.2.0", "p-queue": "^6.6.2", "uuid": "^11.1.0", "zod": "^3.25.76 || ^4" } }, "sha512-At1ooBmPlHMkhTkG6NqeOVjNscuJwneBB8F88rFRvBvIfhTACVLzEwMiZFWNTM8DzUXUOcxxqS7xKRyr6JBbOQ=="],

    "@langchain/google-genai": ["@langchain/google-genai@2.1.26", "https://registry.npmmirror.com/@langchain/google-genai/-/google-genai-2.1.26.tgz", { "dependencies": { "@google/generative-ai": "^0.24.0", "uuid": "^11.1.0" }, "peerDependencies": { "@langchain/core": "^1.1.33" } }, "sha512-202ZBVEIXxKhNbDzktLKSffb9pNfrYBGPV7j54nvAR0uqfoh5reRlX8wmOZEDflojvX/GHc69jTOsc0eZKgRsA=="],

    "@langchain/langgraph": ["@langchain/langgraph@1.2.2", "https://registry.npmmirror.com/@langchain/langgraph/-/langgraph-1.2.2.tgz", { "dependencies": { "@langchain/langgraph-checkpoint": "^1.0.0", "@langchain/langgraph-sdk": "~1.7.0", "@standard-schema/spec": "1.1.0", "uuid": "^10.0.0" }, "peerDependencies": { "@langchain/core": "^1.1.16", "zod": "^3.25.32 || ^4.2.0", "zod-to-json-schema": "^3.x" }, "optionalPeers": ["zod-to-json-schema"] }, "sha512-1F94azb3b3TpHi5Jxa7gFvAYXuSIsEobEXk3/PD7+gkOobIC5Jty3+/ATSkH7joUo0bXCF/rgMOjRGusi6YvSQ=="],

    "@langchain/langgraph-checkpoint": ["@langchain/langgraph-checkpoint@1.0.0", "https://registry.npmmirror.com/@langchain/langgraph-checkpoint/-/langgraph-checkpoint-1.0.0.tgz", { "dependencies": { "uuid": "^10.0.0" }, "peerDependencies": { "@langchain/core": "^1.0.1" } }, "sha512-xrclBGvNCXDmi0Nz28t3vjpxSH6UYx6w5XAXSiiB1WEdc2xD2iY/a913I3x3a31XpInUW/GGfXXfePfaghV54A=="],

    "@langchain/langgraph-sdk": ["@langchain/langgraph-sdk@1.7.2", "https://registry.npmmirror.com/@langchain/langgraph-sdk/-/langgraph-sdk-1.7.2.tgz", { "dependencies": { "@types/json-schema": "^7.0.15", "p-queue": "^9.0.1", "p-retry": "^7.1.1", "uuid": "^13.0.0" }, "peerDependencies": { "@angular/core": "^18.0.0 || ^19.0.0 || ^20.0.0", "@langchain/core": "^1.1.16", "react": "^18 || ^19", "react-dom": "^18 || ^19", "svelte": "^4.0.0 || ^5.0.0", "vue": "^3.0.0" }, "optionalPeers": ["@angular/core", "@langchain/core", "react", "react-dom", "svelte", "vue"] }, "sha512-8ad5OTwqc15J/DxLNJYLn3IC2mpfow09nxJdszxhwm3KgsolGZIUV6g7m67C2p4j3cbQZD5USHt3hKEL0ahqoA=="],

    "@nodelib/fs.scandir": ["@nodelib/fs.scandir@2.1.5", "https://registry.npmmirror.com/@nodelib/fs.scandir/-/fs.scandir-2.1.5.tgz", { "dependencies": { "@nodelib/fs.stat": "2.0.5", "run-parallel": "^1.1.9" } }, "sha512-vq24Bq3ym5HEQm2NKCr3yXDwjc7vTsEThRDnkp2DK9p1uqLR+DHurm/NOTo0KG7HYHU7eppKZj3MyqYuMBf62g=="],

    "@nodelib/fs.stat": ["@nodelib/fs.stat@2.0.5", "https://registry.npmmirror.com/@nodelib/fs.stat/-/fs.stat-2.0.5.tgz", {}, "sha512-RkhPPp2zrqDAQA/2jNhnztcPAlv64XdhIp7a7454A5ovI7Bukxgt7MX7udwAu3zg1DcpPU0rz3VV1SeaqvY4+A=="],

    "@nodelib/fs.walk": ["@nodelib/fs.walk@1.2.8", "https://registry.npmmirror.com/@nodelib/fs.walk/-/fs.walk-1.2.8.tgz", { "dependencies": { "@nodelib/fs.scandir": "2.1.5", "fastq": "^1.6.0" } }, "sha512-oGB+UxlgWcgQkgwo8GcEGwemoTFt3FIO9ababBmaGwXIoBKZ+GTy0pP185beGg7Llih/NSHSV2XAs1lnznocSg=="],

    "@standard-schema/spec": ["@standard-schema/spec@1.1.0", "https://registry.npmmirror.com/@standard-schema/spec/-/spec-1.1.0.tgz", {}, "sha512-l2aFy5jALhniG5HgqrD6jXLi/rUWrKvqN/qJx6yoJsgKhblVd+iqqU4RCXavm/jPityDo5TCvKMnpjKnOriy0w=="],

    "@types/bun": ["@types/bun@1.3.10", "https://registry.npmmirror.com/@types/bun/-/bun-1.3.10.tgz", { "dependencies": { "bun-types": "1.3.10" } }, "sha512-0+rlrUrOrTSskibryHbvQkDOWRJwJZqZlxrUs1u4oOoTln8+WIXBPmAuCF35SWB2z4Zl3E84Nl/D0P7803nigQ=="],

    "@types/json-schema": ["@types/json-schema@7.0.15", "https://registry.npmmirror.com/@types/json-schema/-/json-schema-7.0.15.tgz", {}, "sha512-5+fP8P8MFNC+AyZCDxrB2pkZFPGzqQWUzpSeuuVLvm8VMcorNYavBqoFcxK8bQz4Qsbn4oUEEem4wDLfcysGHA=="],

    "@types/node": ["@types/node@25.5.0", "https://registry.npmmirror.com/@types/node/-/node-25.5.0.tgz", { "dependencies": { "undici-types": "~7.18.0" } }, "sha512-jp2P3tQMSxWugkCUKLRPVUpGaL5MVFwF8RDuSRztfwgN1wmqJeMSbKlnEtQqU8UrhTmzEmZdu2I6v2dpp7XIxw=="],

    "@types/uuid": ["@types/uuid@10.0.0", "https://registry.npmmirror.com/@types/uuid/-/uuid-10.0.0.tgz", {}, "sha512-7gqG38EyHgyP1S+7+xomFtL+ZNHcKv6DwNaCZmJmo1vgMugyF3TCnXVg4t1uk89mLNwnLtnY3TpOpCOyp1/xHQ=="],

    "ansi-styles": ["ansi-styles@5.2.0", "https://registry.npmmirror.com/ansi-styles/-/ansi-styles-5.2.0.tgz", {}, "sha512-Cxwpt2SfTzTtXcfOlzGEee8O+c+MmUgGrNiBcXnuWxuFJHe6a5Hz7qwhwe5OgaSYI0IJvkLqWX1ASG+cJOkEiA=="],

    "ansis": ["ansis@4.2.0", "https://registry.npmmirror.com/ansis/-/ansis-4.2.0.tgz", {}, "sha512-HqZ5rWlFjGiV0tDm3UxxgNRqsOTniqoKZu0pIAfh7TZQMGuZK+hH0drySty0si0QXj1ieop4+SkSfPZBPPkHig=="],

    "argparse": ["argparse@2.0.1", "https://registry.npmmirror.com/argparse/-/argparse-2.0.1.tgz", {}, "sha512-8+9WqebbFzpX9OR+Wa6O29asIogeRMzcGtAINdpMHHyAg10f05aSFVBbcEqGf/PXw1EjAZ+q2/bEBg3DvurK3Q=="],

    "base64-js": ["base64-js@1.5.1", "https://registry.npmmirror.com/base64-js/-/base64-js-1.5.1.tgz", {}, "sha512-AKpaYlHn8t4SVbOHCy+b5+KKgvR4vrsD8vbvrbiQJps7fKDTkjkDry6ji0rUJjC0kzbNePLwzxq8iypo41qeWA=="],

    "braces": ["braces@3.0.3", "https://registry.npmmirror.com/braces/-/braces-3.0.3.tgz", { "dependencies": { "fill-range": "^7.1.1" } }, "sha512-yQbXgO/OSZVD2IsiLlro+7Hf6Q18EJrKSEsdoMzKePKXct3gvD8oLcOQdIzGupr5Fj+EDe8gO/lxc1BzfMpxvA=="],

    "bun-types": ["bun-types@1.3.10", "https://registry.npmmirror.com/bun-types/-/bun-types-1.3.10.tgz", { "dependencies": { "@types/node": "*" } }, "sha512-tcpfCCl6XWo6nCVnpcVrxQ+9AYN1iqMIzgrSKYMB/fjLtV2eyAVEg7AxQJuCq/26R6HpKWykQXuSOq/21RYcbg=="],

    "camelcase": ["camelcase@6.3.0", "https://registry.npmmirror.com/camelcase/-/camelcase-6.3.0.tgz", {}, "sha512-Gmy6FhYlCY7uOElZUSbxo2UCDH8owEk996gkbrpsgGtrJLM3J7jGxl9Ic7Qwwj4ivOE5AWZWRMecDdF7hqGjFA=="],

    "chalk": ["chalk@5.6.2", "https://registry.npmmirror.com/chalk/-/chalk-5.6.2.tgz", {}, "sha512-7NzBL0rN6fMUW+f7A6Io4h40qQlG+xGmtMxfbnH/K7TAtt8JQWVQK+6g0UXKMeVJoyV5EkkNsErQ8pVD3bLHbA=="],

    "console-table-printer": ["console-table-printer@2.15.0", "https://registry.npmmirror.com/console-table-printer/-/console-table-printer-2.15.0.tgz", { "dependencies": { "simple-wcswidth": "^1.1.2" } }, "sha512-SrhBq4hYVjLCkBVOWaTzceJalvn5K1Zq5aQA6wXC/cYjI3frKWNPEMK3sZsJfNNQApvCQmgBcc13ZKmFj8qExw=="],

    "decamelize": ["decamelize@1.2.0", "https://registry.npmmirror.com/decamelize/-/decamelize-1.2.0.tgz", {}, "sha512-z2S+W9X73hAUUki+N+9Za2lBlun89zigOyGrsax+KUQ6wKW4ZoWpEYBkGhQjwAjjDCkWxhY0VKEhk8wzY7F5cA=="],

    "deepagents": ["deepagents@1.8.3", "https://registry.npmmirror.com/deepagents/-/deepagents-1.8.3.tgz", { "dependencies": { "@langchain/core": "^1.1.25", "@langchain/langgraph": "^1.1.4", "fast-glob": "^3.3.3", "langchain": "1.2.26", "micromatch": "^4.0.8", "yaml": "^2.8.2", "zod": "^4.3.6" } }, "sha512-W5Hh1qfaCQURV4xMn4cbuyoFHT6m5VDS6tOHfyPHffe15IYU2gJ1Z0GHiuGe21WiCAIP3cBohnsyNPynXYHHDA=="],

    "dotenv": ["dotenv@17.3.1", "https://registry.npmmirror.com/dotenv/-/dotenv-17.3.1.tgz", {}, "sha512-IO8C/dzEb6O3F9/twg6ZLXz164a2fhTnEWb95H23Dm4OuN+92NmEAlTrupP9VW6Jm3sO26tQlqyvyi4CsnY9GA=="],

    "eventemitter3": ["eventemitter3@4.0.7", "https://registry.npmmirror.com/eventemitter3/-/eventemitter3-4.0.7.tgz", {}, "sha512-8guHBZCwKnFhYdHr2ysuRWErTwhoN2X8XELRlrRwpmfeY2jjuUN4taQMsULKUVo1K4DvZl+0pgfyoysHxvmvEw=="],

    "fast-glob": ["fast-glob@3.3.3", "https://registry.npmmirror.com/fast-glob/-/fast-glob-3.3.3.tgz", { "dependencies": { "@nodelib/fs.stat": "^2.0.2", "@nodelib/fs.walk": "^1.2.3", "glob-parent": "^5.1.2", "merge2": "^1.3.0", "micromatch": "^4.0.8" } }, "sha512-7MptL8U0cqcFdzIzwOTHoilX9x5BrNqye7Z/LuC7kCMRio1EMSyqRK3BEAUD7sXRq4iT4AzTVuZdhgQ2TCvYLg=="],

    "fastq": ["fastq@1.20.1", "https://registry.npmmirror.com/fastq/-/fastq-1.20.1.tgz", { "dependencies": { "reusify": "^1.0.4" } }, "sha512-GGToxJ/w1x32s/D2EKND7kTil4n8OVk/9mycTc4VDza13lOvpUZTGX3mFSCtV9ksdGBVzvsyAVLM6mHFThxXxw=="],

    "fill-range": ["fill-range@7.1.1", "https://registry.npmmirror.com/fill-range/-/fill-range-7.1.1.tgz", { "dependencies": { "to-regex-range": "^5.0.1" } }, "sha512-YsGpe3WHLK8ZYi4tWDg2Jy3ebRz2rXowDxnld4bkQB00cc/1Zw9AWnC0i9ztDJitivtQvaI9KaLyKrc+hBW0yg=="],

    "glob-parent": ["glob-parent@5.1.2", "https://registry.npmmirror.com/glob-parent/-/glob-parent-5.1.2.tgz", { "dependencies": { "is-glob": "^4.0.1" } }, "sha512-AOIgSQCepiJYwP3ARnGx+5VnTu2HBYdzbGP45eLw1vr3zB3vZLeyed1sC9hnbcOc9/SrMyM5RPQrkGz4aS9Zow=="],

    "is-extglob": ["is-extglob@2.1.1", "https://registry.npmmirror.com/is-extglob/-/is-extglob-2.1.1.tgz", {}, "sha512-SbKbANkN603Vi4jEZv49LeVJMn4yGwsbzZworEoyEiutsN3nJYdbO36zfhGJ6QEDpOZIFkDtnq5JRxmvl3jsoQ=="],

    "is-glob": ["is-glob@4.0.3", "https://registry.npmmirror.com/is-glob/-/is-glob-4.0.3.tgz", { "dependencies": { "is-extglob": "^2.1.1" } }, "sha512-xelSayHH36ZgE7ZWhli7pW34hNbNl8Ojv5KVmkJD4hBdD3th8Tfk9vYasLM+mXWOZhFkgZfxhLSnrwRr4elSSg=="],

    "is-network-error": ["is-network-error@1.3.1", "https://registry.npmmirror.com/is-network-error/-/is-network-error-1.3.1.tgz", {}, "sha512-6QCxa49rQbmUWLfk0nuGqzql9U8uaV2H6279bRErPBHe/109hCzsLUBUHfbEtvLIHBd6hyXbgedBSHevm43Edw=="],

    "is-number": ["is-number@7.0.0", "https://registry.npmmirror.com/is-number/-/is-number-7.0.0.tgz", {}, "sha512-41Cifkg6e8TylSpdtTpeLVMqvSBEVzTttHvERD741+pnZ8ANv0004MRL43QKPDlK9cGvNp6NZWZUBlbGXYxxng=="],

    "js-tiktoken": ["js-tiktoken@1.0.21", "https://registry.npmmirror.com/js-tiktoken/-/js-tiktoken-1.0.21.tgz", { "dependencies": { "base64-js": "^1.5.1" } }, "sha512-biOj/6M5qdgx5TKjDnFT1ymSpM5tbd3ylwDtrQvFQSu0Z7bBYko2dF+W/aUkXUPuk6IVpRxk/3Q2sHOzGlS36g=="],

    "js-yaml": ["js-yaml@4.1.1", "https://registry.npmmirror.com/js-yaml/-/js-yaml-4.1.1.tgz", { "dependencies": { "argparse": "^2.0.1" }, "bin": { "js-yaml": "bin/js-yaml.js" } }, "sha512-qQKT4zQxXl8lLwBtHMWwaTcGfFOZviOJet3Oy/xmGk2gZH677CJM9EvtfdSkgWcATZhj/55JZ0rmy3myCT5lsA=="],

    "langchain": ["langchain@1.2.26", "https://registry.npmmirror.com/langchain/-/langchain-1.2.26.tgz", { "dependencies": { "@langchain/langgraph": "^1.1.2", "@langchain/langgraph-checkpoint": "^1.0.0", "langsmith": ">=0.5.0 <1.0.0", "uuid": "^10.0.0", "zod": "^3.25.76 || ^4" }, "peerDependencies": { "@langchain/core": "^1.1.27" } }, "sha512-ME7akrKzX5OBoQOgVRd4S8WZ8SlTdaDD5SYDjk7OV2kN/g1aVH5suhhGd2tHw3I9/jjBZVpOmfA19qGAXeXM5Q=="],

    "langsmith": ["langsmith@0.5.10", "https://registry.npmmirror.com/langsmith/-/langsmith-0.5.10.tgz", { "dependencies": { "@types/uuid": "^10.0.0", "chalk": "^5.6.2", "console-table-printer": "^2.12.1", "p-queue": "^6.6.2", "semver": "^7.6.3", "uuid": "^10.0.0" }, "peerDependencies": { "@opentelemetry/api": "*", "@opentelemetry/exporter-trace-otlp-proto": "*", "@opentelemetry/sdk-trace-base": "*", "openai": "*", "ws": ">=7" }, "optionalPeers": ["@opentelemetry/api", "@opentelemetry/exporter-trace-otlp-proto", "@opentelemetry/sdk-trace-base", "openai", "ws"] }, "sha512-unBdaaD/CqAOLIYjd9kT33FgHUMvHSsyBIPbQa+p/rE/Sv/l4pAC5ISEE79zphxi+vV4qxHqEgqahVXj2Xvz7A=="],

    "merge2": ["merge2@1.4.1", "https://registry.npmmirror.com/merge2/-/merge2-1.4.1.tgz", {}, "sha512-8q7VEgMJW4J8tcfVPy8g09NcQwZdbwFEqhe/WZkoIzjn/3TGDwtOCYtXGxA3O8tPzpczCCDgv+P2P5y00ZJOOg=="],

    "micromatch": ["micromatch@4.0.8", "https://registry.npmmirror.com/micromatch/-/micromatch-4.0.8.tgz", { "dependencies": { "braces": "^3.0.3", "picomatch": "^2.3.1" } }, "sha512-PXwfBhYu0hBCPw8Dn0E+WDYb7af3dSLVWKi3HGv84IdF4TyFoC0ysxFd0Goxw7nSv4T/PzEJQxsYsEiFCKo2BA=="],

    "mustache": ["mustache@4.2.0", "https://registry.npmmirror.com/mustache/-/mustache-4.2.0.tgz", { "bin": { "mustache": "bin/mustache" } }, "sha512-71ippSywq5Yb7/tVYyGbkBggbU8H3u5Rz56fH60jGFgr8uHwxs+aSKeqmluIVzM0m0kB7xQjKS6qPfd0b2ZoqQ=="],

    "p-finally": ["p-finally@1.0.0", "https://registry.npmmirror.com/p-finally/-/p-finally-1.0.0.tgz", {}, "sha512-LICb2p9CB7FS+0eR1oqWnHhp0FljGLZCWBE9aix0Uye9W8LTQPwMTYVGWQWIw9RdQiDg4+epXQODwIYJtSJaow=="],

    "p-queue": ["p-queue@6.6.2", "https://registry.npmmirror.com/p-queue/-/p-queue-6.6.2.tgz", { "dependencies": { "eventemitter3": "^4.0.4", "p-timeout": "^3.2.0" } }, "sha512-RwFpb72c/BhQLEXIZ5K2e+AhgNVmIejGlTgiB9MzZ0e93GRvqZ7uSi0dvRF7/XIXDeNkra2fNHBxTyPDGySpjQ=="],

    "p-retry": ["p-retry@7.1.1", "https://registry.npmmirror.com/p-retry/-/p-retry-7.1.1.tgz", { "dependencies": { "is-network-error": "^1.1.0" } }, "sha512-J5ApzjyRkkf601HpEeykoiCvzHQjWxPAHhyjFcEUP2SWq0+35NKh8TLhpLw+Dkq5TZBFvUM6UigdE9hIVYTl5w=="],

    "p-timeout": ["p-timeout@3.2.0", "https://registry.npmmirror.com/p-timeout/-/p-timeout-3.2.0.tgz", { "dependencies": { "p-finally": "^1.0.0" } }, "sha512-rhIwUycgwwKcP9yTOOFK/AKsAopjjCakVqLHePO3CC6Mir1Z99xT+R63jZxAT5lFZLa2inS5h+ZS2GvR99/FBg=="],

    "picomatch": ["picomatch@2.3.1", "https://registry.npmmirror.com/picomatch/-/picomatch-2.3.1.tgz", {}, "sha512-JU3teHTNjmE2VCGFzuY8EXzCDVwEqB2a8fsIvwaStHhAWJEeVd1o1QD80CU6+ZdEXXSLbSsuLwJjkCBWqRQUVA=="],

    "queue-microtask": ["queue-microtask@1.2.3", "https://registry.npmmirror.com/queue-microtask/-/queue-microtask-1.2.3.tgz", {}, "sha512-NuaNSa6flKT5JaSYQzJok04JzTL1CA6aGhv5rfLW3PgqA+M2ChpZQnAC8h8i4ZFkBS8X5RqkDBHA7r4hej3K9A=="],

    "reusify": ["reusify@1.1.0", "https://registry.npmmirror.com/reusify/-/reusify-1.1.0.tgz", {}, "sha512-g6QUff04oZpHs0eG5p83rFLhHeV00ug/Yf9nZM6fLeUrPguBTkTQOdpAWWspMh55TZfVQDPaN3NQJfbVRAxdIw=="],

    "run-parallel": ["run-parallel@1.2.0", "https://registry.npmmirror.com/run-parallel/-/run-parallel-1.2.0.tgz", { "dependencies": { "queue-microtask": "^1.2.2" } }, "sha512-5l4VyZR86LZ/lDxZTR6jqL8AFE2S0IFLMP26AbjsLVADxHdhB/c0GUsH+y39UfCi3dzz8OlQuPmnaJOMoDHQBA=="],

    "semver": ["semver@7.7.4", "https://registry.npmmirror.com/semver/-/semver-7.7.4.tgz", { "bin": { "semver": "bin/semver.js" } }, "sha512-vFKC2IEtQnVhpT78h1Yp8wzwrf8CM+MzKMHGJZfBtzhZNycRFnXsHk6E5TxIkkMsgNS7mdX3AGB7x2QM2di4lA=="],

    "simple-wcswidth": ["simple-wcswidth@1.1.2", "https://registry.npmmirror.com/simple-wcswidth/-/simple-wcswidth-1.1.2.tgz", {}, "sha512-j7piyCjAeTDSjzTSQ7DokZtMNwNlEAyxqSZeCS+CXH7fJ4jx3FuJ/mTW3mE+6JLs4VJBbcll0Kjn+KXI5t21Iw=="],

    "to-regex-range": ["to-regex-range@5.0.1", "https://registry.npmmirror.com/to-regex-range/-/to-regex-range-5.0.1.tgz", { "dependencies": { "is-number": "^7.0.0" } }, "sha512-65P7iz6X5yEr1cwcgvQxbbIw7Uk3gOy5dIdtZ4rDveLqhrdJP+Li/Hx6tyK0NEb+2GCyneCMJiGqrADCSNk8sQ=="],

    "typescript": ["typescript@5.9.3", "https://registry.npmmirror.com/typescript/-/typescript-5.9.3.tgz", { "bin": { "tsc": "bin/tsc", "tsserver": "bin/tsserver" } }, "sha512-jl1vZzPDinLr9eUt3J/t7V6FgNEw9QjvBPdysz9KfQDD41fQrC2Y4vKQdiaUpFT4bXlb1RHhLpp8wtm6M5TgSw=="],

    "undici-types": ["undici-types@7.18.2", "https://registry.npmmirror.com/undici-types/-/undici-types-7.18.2.tgz", {}, "sha512-AsuCzffGHJybSaRrmr5eHr81mwJU3kjw6M+uprWvCXiNeN9SOGwQ3Jn8jb8m3Z6izVgknn1R0FTCEAP2QrLY/w=="],

    "uuid": ["uuid@11.1.0", "https://registry.npmmirror.com/uuid/-/uuid-11.1.0.tgz", { "bin": { "uuid": "dist/esm/bin/uuid" } }, "sha512-0/A9rDy9P7cJ+8w1c9WD9V//9Wj15Ce2MPz8Ri6032usz+NfePxx5AcN3bN+r6ZL6jEo066/yNYB3tn4pQEx+A=="],

    "yaml": ["yaml@2.8.2", "https://registry.npmmirror.com/yaml/-/yaml-2.8.2.tgz", { "bin": { "yaml": "bin.mjs" } }, "sha512-mplynKqc1C2hTVYxd0PU2xQAc22TI1vShAYGksCCfxbn/dFwnHTNi1bvYsBTkhdUNtGIf5xNOg938rrSSYvS9A=="],

    "zod": ["zod@4.3.6", "https://registry.npmmirror.com/zod/-/zod-4.3.6.tgz", {}, "sha512-rftlrkhHZOcjDwkGlnUtZZkvaPHCsDATp4pGpuOOMDaTdDDXF91wuVDJoWoPsKX/3YPQ5fHuF3STjcYyKr+Qhg=="],

    "@langchain/langgraph/uuid": ["uuid@10.0.0", "https://registry.npmmirror.com/uuid/-/uuid-10.0.0.tgz", { "bin": { "uuid": "dist/bin/uuid" } }, "sha512-8XkAphELsDnEGrDxUOHB3RGvXz6TeuYSGEZBOjtTtPm2lwhGBjLgOzLHB63IUWfBpNucQjND6d3AOudO+H3RWQ=="],

    "@langchain/langgraph-checkpoint/uuid": ["uuid@10.0.0", "https://registry.npmmirror.com/uuid/-/uuid-10.0.0.tgz", { "bin": { "uuid": "dist/bin/uuid" } }, "sha512-8XkAphELsDnEGrDxUOHB3RGvXz6TeuYSGEZBOjtTtPm2lwhGBjLgOzLHB63IUWfBpNucQjND6d3AOudO+H3RWQ=="],

    "@langchain/langgraph-sdk/p-queue": ["p-queue@9.1.0", "https://registry.npmmirror.com/p-queue/-/p-queue-9.1.0.tgz", { "dependencies": { "eventemitter3": "^5.0.1", "p-timeout": "^7.0.0" } }, "sha512-O/ZPaXuQV29uSLbxWBGGZO1mCQXV2BLIwUr59JUU9SoH76mnYvtms7aafH/isNSNGwuEfP6W/4xD0/TJXxrizw=="],

    "@langchain/langgraph-sdk/uuid": ["uuid@13.0.0", "https://registry.npmmirror.com/uuid/-/uuid-13.0.0.tgz", { "bin": { "uuid": "dist-node/bin/uuid" } }, "sha512-XQegIaBTVUjSHliKqcnFqYypAd4S+WCYt5NIeRs6w/UAry7z8Y9j5ZwRRL4kzq9U3sD6v+85er9FvkEaBpji2w=="],

    "langchain/uuid": ["uuid@10.0.0", "https://registry.npmmirror.com/uuid/-/uuid-10.0.0.tgz", { "bin": { "uuid": "dist/bin/uuid" } }, "sha512-8XkAphELsDnEGrDxUOHB3RGvXz6TeuYSGEZBOjtTtPm2lwhGBjLgOzLHB63IUWfBpNucQjND6d3AOudO+H3RWQ=="],

    "langsmith/uuid": ["uuid@10.0.0", "https://registry.npmmirror.com/uuid/-/uuid-10.0.0.tgz", { "bin": { "uuid": "dist/bin/uuid" } }, "sha512-8XkAphELsDnEGrDxUOHB3RGvXz6TeuYSGEZBOjtTtPm2lwhGBjLgOzLHB63IUWfBpNucQjND6d3AOudO+H3RWQ=="],

    "@langchain/langgraph-sdk/p-queue/eventemitter3": ["eventemitter3@5.0.4", "https://registry.npmmirror.com/eventemitter3/-/eventemitter3-5.0.4.tgz", {}, "sha512-mlsTRyGaPBjPedk6Bvw+aqbsXDtoAyAzm5MO7JgU+yVRyMQ5O8bD4Kcci7BS85f93veegeCPkL8R4GLClnjLFw=="],

    "@langchain/langgraph-sdk/p-queue/p-timeout": ["p-timeout@7.0.1", "https://registry.npmmirror.com/p-timeout/-/p-timeout-7.0.1.tgz", {}, "sha512-AxTM2wDGORHGEkPCt8yqxOTMgpfbEHqF51f/5fJCmwFC3C/zNcGT63SymH2ttOAaiIws2zVg4+izQCjrakcwHg=="],
  }
}
